
Microsoft Visual Studio Solution File, Format Version 12.00
# Visual Studio Version 16
VisualStudioVersion = 16.0.32630.194
MinimumVisualStudioVersion = 10.0.40219.1
Project("{9A19103F-16F7-4668-BE54-9A1E7A4F7556}") = "CarsDB", "CarsDB.csproj", "{2683DD12-C913-4A53-8C7F-B5874E9DED63}"
EndProject
Project("{9A19103F-16F7-4668-BE54-9A1E7A4F7556}") = "CarsDB.Repository", "..\CarsDB.Repository\CarsDB.Repository.csproj", "{63AB9EB8-134C-4395-831A-8BEB80FBC3C2}"
EndProject
Project("{9A19103F-16F7-4668-BE54-9A1E7A4F7556}") = "CarsDB.Logic", "..\CarsDB.Logic\CarsDB.Logic.csproj", "{A03CABF1-260E-431F-A274-F91A26F64141}"
EndProject
Project("{9A19103F-16F7-4668-BE54-9A1E7A4F7556}") = "CarsDB.Program", "..\CarsDB.Program\CarsDB.Program.csproj", "{F3B7B712-973B-45CA-ADB8-F1C075E88BC4}"
EndProject
Global
	GlobalSection(SolutionConfigurationPlatforms) = preSolution
		Debug|Any CPU = Debug|Any CPU
		Release|Any CPU = Release|Any CPU
	EndGlobalSection
	GlobalSection(ProjectConfigurationPlatforms) = postSolution
		{2683DD12-C913-4A53-8C7F-B5874E9DED63}.Debug|Any CPU.ActiveCfg = Debug|Any CPU
		{2683DD12-C913-4A53-8C7F-B5874E9DED63}.Debug|Any CPU.Build.0 = Debug|Any CPU
		{2683DD12-C913-4A53-8C7F-B5874E9DED63}.Release|Any CPU.ActiveCfg = Release|Any CPU
		{2683DD12-C913-4A53-8C7F-B5874E9DED63}.Release|Any CPU.Build.0 = Release|Any CPU
		{63AB9EB8-134C-4395-831A-8BEB80FBC3C2}.Debug|Any CPU.ActiveCfg = Debug|Any CPU
		{63AB9EB8-134C-4395-831A-8BEB80FBC3C2}.Debug|Any CPU.Build.0 = Debug|Any CPU
		{63AB9EB8-134C-4395-831A-8BEB80FBC3C2}.Release|Any CPU.ActiveCfg = Release|Any CPU
		{63AB9EB8-134C-4395-831A-8BEB80FBC3C2}.Release|Any CPU.Build.0 = Release|Any CPU
		{A03CABF1-260E-431F-A274-F91A26F64141}.Debug|Any CPU.ActiveCfg = Debug|Any CPU
		{A03CABF1-260E-431F-A274-F91A26F64141}.Debug|Any CPU.Build.0 = Debug|Any CPU
		{A03CABF1-260E-431F-A274-F91A26F64141}.Release|Any CPU.ActiveCfg = Release|Any CPU
		{A03CABF1-260E-431F-A274-F91A26F64141}.Release|Any CPU.Build.0 = Release|Any CPU
		{F3B7B712-973B-45CA-ADB8-F1C075E88BC4}.Debug|Any CPU.ActiveCfg = Debug|Any CPU
		{F3B7B712-973B-45CA-ADB8-F1C075E88BC4}.Debug|Any CPU.Build.0 = Debug|Any CPU
		{F3B7B712-973B-45CA-ADB8-F1C075E88BC4}.Release|Any CPU.ActiveCfg = Release|Any CPU
		{F3B7B712-973B-45CA-ADB8-F1C075E88BC4}.Release|Any CPU.Build.0 = Release|Any CPU
	EndGlobalSection
	GlobalSection(SolutionProperties) = preSolution
		HideSolutionNode = FALSE
	EndGlobalSection
	GlobalSection(ExtensibilityGlobals) = postSolution
		SolutionGuid = {ED626E86-E473-4733-9396-6270320C2FBF}
	EndGlobalSection
EndGlobal
